
Microsoft Visual Studio Solution File, Format Version 12.00
# Visual Studio Version 17
VisualStudioVersion = 17.1.32421.90
MinimumVisualStudioVersion = 10.0.40219.1
Project("{9A19103F-16F7-4668-BE54-9A1E7A4F7556}") = "ASP_RESTful_Web_API", "ASP_RESTful_Web_API.csproj", "{C77C0F96-C635-4A62-88C1-103954A2D5BE}"
EndProject
Project("{E53339B2-1760-4266-BCC7-CA923CBCF16C}") = "docker-compose", "docker-compose.dcproj", "{3121BCC6-2192-40F8-B231-6C60EAEA3AE9}"
EndProject
Global
	GlobalSection(SolutionConfigurationPlatforms) = preSolution
		Debug|Any CPU = Debug|Any CPU
		Release|Any CPU = Release|Any CPU
	EndGlobalSection
	GlobalSection(ProjectConfigurationPlatforms) = postSolution
		{C77C0F96-C635-4A62-88C1-103954A2D5BE}.Debug|Any CPU.ActiveCfg = Debug|Any CPU
		{C77C0F96-C635-4A62-88C1-103954A2D5BE}.Debug|Any CPU.Build.0 = Debug|Any CPU
		{C77C0F96-C635-4A62-88C1-103954A2D5BE}.Release|Any CPU.ActiveCfg = Release|Any CPU
		{C77C0F96-C635-4A62-88C1-103954A2D5BE}.Release|Any CPU.Build.0 = Release|Any CPU
		{3121BCC6-2192-40F8-B231-6C60EAEA3AE9}.Debug|Any CPU.ActiveCfg = Debug|Any CPU
		{3121BCC6-2192-40F8-B231-6C60EAEA3AE9}.Debug|Any CPU.Build.0 = Debug|Any CPU
		{3121BCC6-2192-40F8-B231-6C60EAEA3AE9}.Release|Any CPU.ActiveCfg = Release|Any CPU
		{3121BCC6-2192-40F8-B231-6C60EAEA3AE9}.Release|Any CPU.Build.0 = Release|Any CPU
	EndGlobalSection
	GlobalSection(SolutionProperties) = preSolution
		HideSolutionNode = FALSE
	EndGlobalSection
	GlobalSection(ExtensibilityGlobals) = postSolution
		SolutionGuid = {19EF7D2C-4906-487F-92AD-C566320CB33E}
	EndGlobalSection
EndGlobal
