
Microsoft Visual Studio Solution File, Format Version 12.00
# Visual Studio Version 17
VisualStudioVersion = 17.1.32421.90
MinimumVisualStudioVersion = 10.0.40219.1
Project("{FAE04EC0-301F-11D3-BF4B-00C04F79EFBC}") = "ASP_RESTful_Web_API", "ASP_RESTful_Web_API.csproj", "{C77C0F96-C635-4A62-88C1-103954A2D5BE}"
EndProject
Global
	GlobalSection(SolutionConfigurationPlatforms) = preSolution
		Debug|Any CPU = Debug|Any CPU
		Release|Any CPU = Release|Any CPU
	EndGlobalSection
	GlobalSection(ProjectConfigurationPlatforms) = postSolution
		{C77C0F96-C635-4A62-88C1-103954A2D5BE}.Debug|Any CPU.ActiveCfg = Debug|Any CPU
		{C77C0F96-C635-4A62-88C1-103954A2D5BE}.Debug|Any CPU.Build.0 = Debug|Any CPU
		{C77C0F96-C635-4A62-88C1-103954A2D5BE}.Release|Any CPU.ActiveCfg = Release|Any CPU
		{C77C0F96-C635-4A62-88C1-103954A2D5BE}.Release|Any CPU.Build.0 = Release|Any CPU
	EndGlobalSection
	GlobalSection(SolutionProperties) = preSolution
		HideSolutionNode = FALSE
	EndGlobalSection
	GlobalSection(ExtensibilityGlobals) = postSolution
		SolutionGuid = {19EF7D2C-4906-487F-92AD-C566320CB33E}
	EndGlobalSection
EndGlobal
